PODS:
  - AssetsPickerViewController (2.6.2):
    - AXStateButton
    - Device
    - FLAnimatedImage
    - SnapKit
  - AXStateButton (1.1.4)
  - Device (3.1.2)
  - FLAnimatedImage (1.0.12)
  - iOSPhotoEditor (1.0.0)
  - SnapKit (5.0.0)

DEPENDENCIES:
  - AssetsPickerViewController (from `AssetsPickerViewController`)
  - iOSPhotoEditor

SPEC REPOS:
  https://github.com/CocoaPods/Specs.git:
    - AXStateButton
    - Device
    - FLAnimatedImage
    - SnapKit
  trunk:
    - iOSPhotoEditor

EXTERNAL SOURCES:
  AssetsPickerViewController:
    :path: AssetsPickerViewController

SPEC CHECKSUMS:
  AssetsPickerViewController: b8a685b06acf2daefd3403aa390b6140274b42bc
  AXStateButton: 6c515a433e37551505046429b5be04c12daa8c07
  Device: 62242076214c30fb5760174b3601cefafa70a481
  FLAnimatedImage: 4a0b56255d9b05f18b6dd7ee06871be5d3b89e31
  iOSPhotoEditor: 2951f35246a31dcb428b6292248a9c065582d03e
  SnapKit: fd22d10eb9aff484d79a8724eab922c1ddf89bcf

PODFILE CHECKSUM: 1b8f530c0374e607401188d253868bebda45c6b8

COCOAPODS: 1.9.3
